Microsoft Visual Studio Solution File, Format Version 12.00
# Visual Studio Version 17
VisualStudioVersion = 17.5.2.0
MinimumVisualStudioVersion = 10.0.40219.1
Project("{FAE04EC0-301F-11D3-BF4B-00C04F79EFBC}") = "IME", "IME.csproj", "{51D4085B-A03D-0117-1C54-3BB01D91FF38}"
EndProject
Global
	GlobalSection(SolutionConfigurationPlatforms) = preSolution
		Debug|Any CPU = Debug|Any CPU
		Release|Any CPU = Release|Any CPU
	EndGlobalSection
	GlobalSection(ProjectConfigurationPlatforms) = postSolution
		{51D4085B-A03D-0117-1C54-3BB01D91FF38}.Debug|Any CPU.ActiveCfg = Debug|Any CPU
		{51D4085B-A03D-0117-1C54-3BB01D91FF38}.Debug|Any CPU.Build.0 = Debug|Any CPU
		{51D4085B-A03D-0117-1C54-3BB01D91FF38}.Release|Any CPU.ActiveCfg = Release|Any CPU
		{51D4085B-A03D-0117-1C54-3BB01D91FF38}.Release|Any CPU.Build.0 = Release|Any CPU
	EndGlobalSection
	GlobalSection(SolutionProperties) = preSolution
		HideSolutionNode = FALSE
	EndGlobalSection
	GlobalSection(ExtensibilityGlobals) = postSolution
		SolutionGuid = {B4F690FB-8BEE-4897-8F6F-9BAAD038F89F}
	EndGlobalSection
EndGlobal
